
Microsoft Visual Studio Solution File, Format Version 12.00
# Visual Studio 15
VisualStudioVersion = 15.0.27130.2010
MinimumVisualStudioVersion = 10.0.40219.1
Project("{F14B399A-7131-4C87-9E4B-1186C45EF12D}") = "SSRSDemoProject", "SSRSDemoProject\SSRSDemoProject.rptproj", "{4B9EE5BC-596C-4CCD-90C2-57A4E95511EA}"
EndProject
Global
	GlobalSection(SolutionConfigurationPlatforms) = preSolution
		Debug|Default = Debug|Default
		DebugLocal|Default = DebugLocal|Default
		Release|Default = Release|Default
	EndGlobalSection
	GlobalSection(ProjectConfigurationPlatforms) = postSolution
		{4B9EE5BC-596C-4CCD-90C2-57A4E95511EA}.Debug|Default.ActiveCfg = Debug
		{4B9EE5BC-596C-4CCD-90C2-57A4E95511EA}.Debug|Default.Build.0 = Debug
		{4B9EE5BC-596C-4CCD-90C2-57A4E95511EA}.Debug|Default.Deploy.0 = Debug
		{4B9EE5BC-596C-4CCD-90C2-57A4E95511EA}.DebugLocal|Default.ActiveCfg = DebugLocal
		{4B9EE5BC-596C-4CCD-90C2-57A4E95511EA}.DebugLocal|Default.Build.0 = DebugLocal
		{4B9EE5BC-596C-4CCD-90C2-57A4E95511EA}.Release|Default.ActiveCfg = Release
		{4B9EE5BC-596C-4CCD-90C2-57A4E95511EA}.Release|Default.Build.0 = Release
		{4B9EE5BC-596C-4CCD-90C2-57A4E95511EA}.Release|Default.Deploy.0 = Release
	EndGlobalSection
	GlobalSection(SolutionProperties) = preSolution
		HideSolutionNode = FALSE
	EndGlobalSection
	GlobalSection(ExtensibilityGlobals) = postSolution
		SolutionGuid = {F2C43885-86FD-4317-AB4B-D9571BE4EA45}
	EndGlobalSection
EndGlobal
