
Microsoft Visual Studio Solution File, Format Version 12.00
# Visual Studio 15
VisualStudioVersion = 15.0.27130.2010
MinimumVisualStudioVersion = 10.0.40219.1
Project("{E24C65DC-7377-472B-9ABA-BC803B73C61A}") = "SampleAsp.Net", "SampleAsp.Net\", "{F8A4C0AA-598B-4339-8959-187BCE145655}"
	ProjectSection(WebsiteProperties) = preProject
		TargetFrameworkMoniker = ".NETFramework,Version%3Dv4.7"
		Debug.AspNetCompiler.VirtualPath = "/localhost_61318"
		Debug.AspNetCompiler.PhysicalPath = "SampleAsp.Net\"
		Debug.AspNetCompiler.TargetPath = "PrecompiledWeb\localhost_61318\"
		Debug.AspNetCompiler.Updateable = "true"
		Debug.AspNetCompiler.ForceOverwrite = "true"
		Debug.AspNetCompiler.FixedNames = "false"
		Debug.AspNetCompiler.Debug = "True"
		Release.AspNetCompiler.VirtualPath = "/localhost_61318"
		Release.AspNetCompiler.PhysicalPath = "SampleAsp.Net\"
		Release.AspNetCompiler.TargetPath = "PrecompiledWeb\localhost_61318\"
		Release.AspNetCompiler.Updateable = "true"
		Release.AspNetCompiler.ForceOverwrite = "true"
		Release.AspNetCompiler.FixedNames = "false"
		Release.AspNetCompiler.Debug = "False"
		VWDPort = "61318"
		SlnRelativePath = "SampleAsp.Net\"
		DefaultWebSiteLanguage = "Visual C#"
	EndProjectSection
EndProject
Global
	GlobalSection(SolutionConfigurationPlatforms) = preSolution
		Debug|Any CPU = Debug|Any CPU
	EndGlobalSection
	GlobalSection(ProjectConfigurationPlatforms) = postSolution
		{F8A4C0AA-598B-4339-8959-187BCE145655}.Debug|Any CPU.ActiveCfg = Debug|Any CPU
		{F8A4C0AA-598B-4339-8959-187BCE145655}.Debug|Any CPU.Build.0 = Debug|Any CPU
	EndGlobalSection
	GlobalSection(SolutionProperties) = preSolution
		HideSolutionNode = FALSE
	EndGlobalSection
	GlobalSection(ExtensibilityGlobals) = postSolution
		SolutionGuid = {4C2EEA04-3F27-4613-951F-6479207F0864}
	EndGlobalSection
EndGlobal
