
Microsoft Visual Studio Solution File, Format Version 12.00
# Visual Studio 15
VisualStudioVersion = 15.0.27130.2010
MinimumVisualStudioVersion = 10.0.40219.1
Project("{FAE04EC0-301F-11D3-BF4B-00C04F79EFBC}") = "StudentPortal", "StudentPortal\StudentPortal.csproj", "{0B89F396-3200-4C38-920C-213E5EE6E0E4}"
EndProject
Global
	GlobalSection(SolutionConfigurationPlatforms) = preSolution
		Debug|Any CPU = Debug|Any CPU
		Release|Any CPU = Release|Any CPU
	EndGlobalSection
	GlobalSection(ProjectConfigurationPlatforms) = postSolution
		{0B89F396-3200-4C38-920C-213E5EE6E0E4}.Debug|Any CPU.ActiveCfg = Debug|Any CPU
		{0B89F396-3200-4C38-920C-213E5EE6E0E4}.Debug|Any CPU.Build.0 = Debug|Any CPU
		{0B89F396-3200-4C38-920C-213E5EE6E0E4}.Release|Any CPU.ActiveCfg = Release|Any CPU
		{0B89F396-3200-4C38-920C-213E5EE6E0E4}.Release|Any CPU.Build.0 = Release|Any CPU
	EndGlobalSection
	GlobalSection(SolutionProperties) = preSolution
		HideSolutionNode = FALSE
	EndGlobalSection
	GlobalSection(ExtensibilityGlobals) = postSolution
		SolutionGuid = {0FD18073-5CC8-4516-BC1A-3B0C141C658A}
	EndGlobalSection
EndGlobal
