
Microsoft Visual Studio Solution File, Format Version 12.00
# Visual Studio 15
VisualStudioVersion = 15.0.27130.2010
MinimumVisualStudioVersion = 10.0.40219.1
Project("{FAE04EC0-301F-11D3-BF4B-00C04F79EFBC}") = "AkMvcWithJQuery", "AkMvcWithJQuery\AkMvcWithJQuery.csproj", "{58113AF1-04FA-49F3-B7AE-3250047A552C}"
EndProject
Project("{FAE04EC0-301F-11D3-BF4B-00C04F79EFBC}") = "UserInformation", "..\..\..\Akhil_trunk\UserInformation\UserInformation.csproj", "{11ADAA9B-F79D-442F-BE92-2AC44E641065}"
EndProject
Project("{FAE04EC0-301F-11D3-BF4B-00C04F79EFBC}") = "Utilities", "..\..\..\Akhil_trunk\Utilities\Utilities.csproj", "{90C34CAF-72E2-42BA-B755-3A79056B85E7}"
EndProject
Global
	GlobalSection(SolutionConfigurationPlatforms) = preSolution
		Debug|Any CPU = Debug|Any CPU
		Release|Any CPU = Release|Any CPU
	EndGlobalSection
	GlobalSection(ProjectConfigurationPlatforms) = postSolution
		{58113AF1-04FA-49F3-B7AE-3250047A552C}.Debug|Any CPU.ActiveCfg = Debug|Any CPU
		{58113AF1-04FA-49F3-B7AE-3250047A552C}.Debug|Any CPU.Build.0 = Debug|Any CPU
		{58113AF1-04FA-49F3-B7AE-3250047A552C}.Release|Any CPU.ActiveCfg = Release|Any CPU
		{58113AF1-04FA-49F3-B7AE-3250047A552C}.Release|Any CPU.Build.0 = Release|Any CPU
		{11ADAA9B-F79D-442F-BE92-2AC44E641065}.Debug|Any CPU.ActiveCfg = Debug|Any CPU
		{11ADAA9B-F79D-442F-BE92-2AC44E641065}.Debug|Any CPU.Build.0 = Debug|Any CPU
		{11ADAA9B-F79D-442F-BE92-2AC44E641065}.Release|Any CPU.ActiveCfg = Release|Any CPU
		{11ADAA9B-F79D-442F-BE92-2AC44E641065}.Release|Any CPU.Build.0 = Release|Any CPU
		{90C34CAF-72E2-42BA-B755-3A79056B85E7}.Debug|Any CPU.ActiveCfg = Debug|Any CPU
		{90C34CAF-72E2-42BA-B755-3A79056B85E7}.Debug|Any CPU.Build.0 = Debug|Any CPU
		{90C34CAF-72E2-42BA-B755-3A79056B85E7}.Release|Any CPU.ActiveCfg = Release|Any CPU
		{90C34CAF-72E2-42BA-B755-3A79056B85E7}.Release|Any CPU.Build.0 = Release|Any CPU
	EndGlobalSection
	GlobalSection(SolutionProperties) = preSolution
		HideSolutionNode = FALSE
	EndGlobalSection
	GlobalSection(ExtensibilityGlobals) = postSolution
		SolutionGuid = {73AEE003-B057-4989-88F4-33BCFC7AC87C}
	EndGlobalSection
EndGlobal
